
Microsoft Visual Studio Solution File, Format Version 12.00
# Visual Studio Version 16
VisualStudioVersion = 16.0.33027.164
MinimumVisualStudioVersion = 10.0.40219.1
Project("{FAE04EC0-301F-11D3-BF4B-00C04F79EFBC}") = "Calculador_de_caloria", "Calculador_de_caloria\Calculador_de_caloria.csproj", "{69CAD641-0C9B-4520-883B-C6B3812D94E5}"
EndProject
Global
	GlobalSection(SolutionConfigurationPlatforms) = preSolution
		Debug|Any CPU = Debug|Any CPU
		Release|Any CPU = Release|Any CPU
	EndGlobalSection
	GlobalSection(ProjectConfigurationPlatforms) = postSolution
		{69CAD641-0C9B-4520-883B-C6B3812D94E5}.Debug|Any CPU.ActiveCfg = Debug|Any CPU
		{69CAD641-0C9B-4520-883B-C6B3812D94E5}.Debug|Any CPU.Build.0 = Debug|Any CPU
		{69CAD641-0C9B-4520-883B-C6B3812D94E5}.Release|Any CPU.ActiveCfg = Release|Any CPU
		{69CAD641-0C9B-4520-883B-C6B3812D94E5}.Release|Any CPU.Build.0 = Release|Any CPU
	EndGlobalSection
	GlobalSection(SolutionProperties) = preSolution
		HideSolutionNode = FALSE
	EndGlobalSection
	GlobalSection(ExtensibilityGlobals) = postSolution
		SolutionGuid = {E84E20EA-DEF5-4750-A055-0A5F12327BA1}
	EndGlobalSection
EndGlobal
